
Microsoft Visual Studio Solution File, Format Version 12.00
# Visual Studio 15
VisualStudioVersion = 15.0.26124.0
MinimumVisualStudioVersion = 15.0.26124.0
Project("{FAE04EC0-301F-11D3-BF4B-00C04F79EFBC}") = "API", "API\API.csproj", "{5C862D9A-5A1B-460A-898D-24D28E30A406}"
EndProject
Project("{FAE04EC0-301F-11D3-BF4B-00C04F79EFBC}") = "Core", "Core\Core.csproj", "{84649CF0-AE82-418E-9EF8-2BB5D3F53541}"
EndProject
Project("{FAE04EC0-301F-11D3-BF4B-00C04F79EFBC}") = "Infrastructure", "Infrastructure\Infrastructure.csproj", "{BAC34C36-300C-45F5-B74D-72BBE9422AD0}"
EndProject
Global
	GlobalSection(SolutionConfigurationPlatforms) = preSolution
		Debug|Any CPU = Debug|Any CPU
		Debug|x64 = Debug|x64
		Debug|x86 = Debug|x86
		Release|Any CPU = Release|Any CPU
		Release|x64 = Release|x64
		Release|x86 = Release|x86
	EndGlobalSection
	GlobalSection(SolutionProperties) = preSolution
		HideSolutionNode = FALSE
	EndGlobalSection
	GlobalSection(ProjectConfigurationPlatforms) = postSolution
		{5C862D9A-5A1B-460A-898D-24D28E30A406}.Debug|Any CPU.ActiveCfg = Debug|Any CPU
		{5C862D9A-5A1B-460A-898D-24D28E30A406}.Debug|Any CPU.Build.0 = Debug|Any CPU
		{5C862D9A-5A1B-460A-898D-24D28E30A406}.Debug|x64.ActiveCfg = Debug|Any CPU
		{5C862D9A-5A1B-460A-898D-24D28E30A406}.Debug|x64.Build.0 = Debug|Any CPU
		{5C862D9A-5A1B-460A-898D-24D28E30A406}.Debug|x86.ActiveCfg = Debug|Any CPU
		{5C862D9A-5A1B-460A-898D-24D28E30A406}.Debug|x86.Build.0 = Debug|Any CPU
		{5C862D9A-5A1B-460A-898D-24D28E30A406}.Release|Any CPU.ActiveCfg = Release|Any CPU
		{5C862D9A-5A1B-460A-898D-24D28E30A406}.Release|Any CPU.Build.0 = Release|Any CPU
		{5C862D9A-5A1B-460A-898D-24D28E30A406}.Release|x64.ActiveCfg = Release|Any CPU
		{5C862D9A-5A1B-460A-898D-24D28E30A406}.Release|x64.Build.0 = Release|Any CPU
		{5C862D9A-5A1B-460A-898D-24D28E30A406}.Release|x86.ActiveCfg = Release|Any CPU
		{5C862D9A-5A1B-460A-898D-24D28E30A406}.Release|x86.Build.0 = Release|Any CPU
		{84649CF0-AE82-418E-9EF8-2BB5D3F53541}.Debug|Any CPU.ActiveCfg = Debug|Any CPU
		{84649CF0-AE82-418E-9EF8-2BB5D3F53541}.Debug|Any CPU.Build.0 = Debug|Any CPU
		{84649CF0-AE82-418E-9EF8-2BB5D3F53541}.Debug|x64.ActiveCfg = Debug|Any CPU
		{84649CF0-AE82-418E-9EF8-2BB5D3F53541}.Debug|x64.Build.0 = Debug|Any CPU
		{84649CF0-AE82-418E-9EF8-2BB5D3F53541}.Debug|x86.ActiveCfg = Debug|Any CPU
		{84649CF0-AE82-418E-9EF8-2BB5D3F53541}.Debug|x86.Build.0 = Debug|Any CPU
		{84649CF0-AE82-418E-9EF8-2BB5D3F53541}.Release|Any CPU.ActiveCfg = Release|Any CPU
		{84649CF0-AE82-418E-9EF8-2BB5D3F53541}.Release|Any CPU.Build.0 = Release|Any CPU
		{84649CF0-AE82-418E-9EF8-2BB5D3F53541}.Release|x64.ActiveCfg = Release|Any CPU
		{84649CF0-AE82-418E-9EF8-2BB5D3F53541}.Release|x64.Build.0 = Release|Any CPU
		{84649CF0-AE82-418E-9EF8-2BB5D3F53541}.Release|x86.ActiveCfg = Release|Any CPU
		{84649CF0-AE82-418E-9EF8-2BB5D3F53541}.Release|x86.Build.0 = Release|Any CPU
		{BAC34C36-300C-45F5-B74D-72BBE9422AD0}.Debug|Any CPU.ActiveCfg = Debug|Any CPU
		{BAC34C36-300C-45F5-B74D-72BBE9422AD0}.Debug|Any CPU.Build.0 = Debug|Any CPU
		{BAC34C36-300C-45F5-B74D-72BBE9422AD0}.Debug|x64.ActiveCfg = Debug|Any CPU
		{BAC34C36-300C-45F5-B74D-72BBE9422AD0}.Debug|x64.Build.0 = Debug|Any CPU
		{BAC34C36-300C-45F5-B74D-72BBE9422AD0}.Debug|x86.ActiveCfg = Debug|Any CPU
		{BAC34C36-300C-45F5-B74D-72BBE9422AD0}.Debug|x86.Build.0 = Debug|Any CPU
		{BAC34C36-300C-45F5-B74D-72BBE9422AD0}.Release|Any CPU.ActiveCfg = Release|Any CPU
		{BAC34C36-300C-45F5-B74D-72BBE9422AD0}.Release|Any CPU.Build.0 = Release|Any CPU
		{BAC34C36-300C-45F5-B74D-72BBE9422AD0}.Release|x64.ActiveCfg = Release|Any CPU
		{BAC34C36-300C-45F5-B74D-72BBE9422AD0}.Release|x64.Build.0 = Release|Any CPU
		{BAC34C36-300C-45F5-B74D-72BBE9422AD0}.Release|x86.ActiveCfg = Release|Any CPU
		{BAC34C36-300C-45F5-B74D-72BBE9422AD0}.Release|x86.Build.0 = Release|Any CPU
	EndGlobalSection
EndGlobal
